
Microsoft Visual Studio Solution File, Format Version 12.00
# Visual Studio Version 17
VisualStudioVersion = 17.7.34024.191
MinimumVisualStudioVersion = 10.0.40219.1
Project("{8BC9CEB8-8B4A-11D0-8D11-00A0C91BC942}") = "Task1", "Lab6.vcxproj", "{E86E139C-313D-4C54-8CA9-6ABC5BA15C99}"
EndProject
Project("{8BC9CEB8-8B4A-11D0-8D11-00A0C91BC942}") = "Task2", "..\Task2\Task2.vcxproj", "{58E51E0A-8468-4544-9A47-E21CFAB97C32}"
EndProject
Project("{8BC9CEB8-8B4A-11D0-8D11-00A0C91BC942}") = "Task3", "..\Task3\Task3.vcxproj", "{A61692BA-DA2B-4A4E-BA98-377C901CF2ED}"
EndProject
Project("{8BC9CEB8-8B4A-11D0-8D11-00A0C91BC942}") = "Task3A", "..\Task3A\Task3A.vcxproj", "{BA9E4D0A-8E02-4733-BC0C-23720F3155FD}"
EndProject
Project("{8BC9CEB8-8B4A-11D0-8D11-00A0C91BC942}") = "Task3B", "..\Task3B\Task3B.vcxproj", "{8AEFE9ED-FB6C-407B-9886-A5DE64FCE73A}"
EndProject
Project("{8BC9CEB8-8B4A-11D0-8D11-00A0C91BC942}") = "Task4", "..\Task4\Task4.vcxproj", "{46492D7C-0D21-497A-9A03-BFC25F3D9089}"
EndProject
Project("{8BC9CEB8-8B4A-11D0-8D11-00A0C91BC942}") = "Task4A", "..\Task4A\Task4A.vcxproj", "{B67881A9-E8E6-4071-A62A-0560EA4D241E}"
EndProject
Project("{8BC9CEB8-8B4A-11D0-8D11-00A0C91BC942}") = "Task4B", "..\Task4B\Task4B.vcxproj", "{BD9276A4-9FCC-4C7A-BA0F-1C0ED4B67E9F}"
EndProject
Project("{8BC9CEB8-8B4A-11D0-8D11-00A0C91BC942}") = "Task5", "..\Task5\Task5.vcxproj", "{003426BB-2177-4640-9DB9-E35756477D27}"
EndProject
Project("{8BC9CEB8-8B4A-11D0-8D11-00A0C91BC942}") = "Task5A", "..\Task5A\Task5A.vcxproj", "{65B21652-9C58-4B32-B00E-77F4FEC41D14}"
EndProject
Project("{8BC9CEB8-8B4A-11D0-8D11-00A0C91BC942}") = "Task5B", "..\Task5B\Task5B.vcxproj", "{B2B11F32-500B-4FD5-9B5B-AFB464C4A9E5}"
EndProject
Global
	GlobalSection(SolutionConfigurationPlatforms) = preSolution
		Debug|x64 = Debug|x64
		Debug|x86 = Debug|x86
		Release|x64 = Release|x64
		Release|x86 = Release|x86
	EndGlobalSection
	GlobalSection(ProjectConfigurationPlatforms) = postSolution
		{E86E139C-313D-4C54-8CA9-6ABC5BA15C99}.Debug|x64.ActiveCfg = Debug|x64
		{E86E139C-313D-4C54-8CA9-6ABC5BA15C99}.Debug|x64.Build.0 = Debug|x64
		{E86E139C-313D-4C54-8CA9-6ABC5BA15C99}.Debug|x86.ActiveCfg = Debug|Win32
		{E86E139C-313D-4C54-8CA9-6ABC5BA15C99}.Debug|x86.Build.0 = Debug|Win32
		{E86E139C-313D-4C54-8CA9-6ABC5BA15C99}.Release|x64.ActiveCfg = Release|x64
		{E86E139C-313D-4C54-8CA9-6ABC5BA15C99}.Release|x64.Build.0 = Release|x64
		{E86E139C-313D-4C54-8CA9-6ABC5BA15C99}.Release|x86.ActiveCfg = Release|Win32
		{E86E139C-313D-4C54-8CA9-6ABC5BA15C99}.Release|x86.Build.0 = Release|Win32
		{58E51E0A-8468-4544-9A47-E21CFAB97C32}.Debug|x64.ActiveCfg = Debug|x64
		{58E51E0A-8468-4544-9A47-E21CFAB97C32}.Debug|x64.Build.0 = Debug|x64
		{58E51E0A-8468-4544-9A47-E21CFAB97C32}.Debug|x86.ActiveCfg = Debug|Win32
		{58E51E0A-8468-4544-9A47-E21CFAB97C32}.Debug|x86.Build.0 = Debug|Win32
		{58E51E0A-8468-4544-9A47-E21CFAB97C32}.Release|x64.ActiveCfg = Release|x64
		{58E51E0A-8468-4544-9A47-E21CFAB97C32}.Release|x64.Build.0 = Release|x64
		{58E51E0A-8468-4544-9A47-E21CFAB97C32}.Release|x86.ActiveCfg = Release|Win32
		{58E51E0A-8468-4544-9A47-E21CFAB97C32}.Release|x86.Build.0 = Release|Win32
		{A61692BA-DA2B-4A4E-BA98-377C901CF2ED}.Debug|x64.ActiveCfg = Debug|x64
		{A61692BA-DA2B-4A4E-BA98-377C901CF2ED}.Debug|x64.Build.0 = Debug|x64
		{A61692BA-DA2B-4A4E-BA98-377C901CF2ED}.Debug|x86.ActiveCfg = Debug|Win32
		{A61692BA-DA2B-4A4E-BA98-377C901CF2ED}.Debug|x86.Build.0 = Debug|Win32
		{A61692BA-DA2B-4A4E-BA98-377C901CF2ED}.Release|x64.ActiveCfg = Release|x64
		{A61692BA-DA2B-4A4E-BA98-377C901CF2ED}.Release|x64.Build.0 = Release|x64
		{A61692BA-DA2B-4A4E-BA98-377C901CF2ED}.Release|x86.ActiveCfg = Release|Win32
		{A61692BA-DA2B-4A4E-BA98-377C901CF2ED}.Release|x86.Build.0 = Release|Win32
		{BA9E4D0A-8E02-4733-BC0C-23720F3155FD}.Debug|x64.ActiveCfg = Debug|x64
		{BA9E4D0A-8E02-4733-BC0C-23720F3155FD}.Debug|x64.Build.0 = Debug|x64
		{BA9E4D0A-8E02-4733-BC0C-23720F3155FD}.Debug|x86.ActiveCfg = Debug|Win32
		{BA9E4D0A-8E02-4733-BC0C-23720F3155FD}.Debug|x86.Build.0 = Debug|Win32
		{BA9E4D0A-8E02-4733-BC0C-23720F3155FD}.Release|x64.ActiveCfg = Release|x64
		{BA9E4D0A-8E02-4733-BC0C-23720F3155FD}.Release|x64.Build.0 = Release|x64
		{BA9E4D0A-8E02-4733-BC0C-23720F3155FD}.Release|x86.ActiveCfg = Release|Win32
		{BA9E4D0A-8E02-4733-BC0C-23720F3155FD}.Release|x86.Build.0 = Release|Win32
		{8AEFE9ED-FB6C-407B-9886-A5DE64FCE73A}.Debug|x64.ActiveCfg = Debug|x64
		{8AEFE9ED-FB6C-407B-9886-A5DE64FCE73A}.Debug|x64.Build.0 = Debug|x64
		{8AEFE9ED-FB6C-407B-9886-A5DE64FCE73A}.Debug|x86.ActiveCfg = Debug|Win32
		{8AEFE9ED-FB6C-407B-9886-A5DE64FCE73A}.Debug|x86.Build.0 = Debug|Win32
		{8AEFE9ED-FB6C-407B-9886-A5DE64FCE73A}.Release|x64.ActiveCfg = Release|x64
		{8AEFE9ED-FB6C-407B-9886-A5DE64FCE73A}.Release|x64.Build.0 = Release|x64
		{8AEFE9ED-FB6C-407B-9886-A5DE64FCE73A}.Release|x86.ActiveCfg = Release|Win32
		{8AEFE9ED-FB6C-407B-9886-A5DE64FCE73A}.Release|x86.Build.0 = Release|Win32
		{46492D7C-0D21-497A-9A03-BFC25F3D9089}.Debug|x64.ActiveCfg = Debug|x64
		{46492D7C-0D21-497A-9A03-BFC25F3D9089}.Debug|x64.Build.0 = Debug|x64
		{46492D7C-0D21-497A-9A03-BFC25F3D9089}.Debug|x86.ActiveCfg = Debug|Win32
		{46492D7C-0D21-497A-9A03-BFC25F3D9089}.Debug|x86.Build.0 = Debug|Win32
		{46492D7C-0D21-497A-9A03-BFC25F3D9089}.Release|x64.ActiveCfg = Release|x64
		{46492D7C-0D21-497A-9A03-BFC25F3D9089}.Release|x64.Build.0 = Release|x64
		{46492D7C-0D21-497A-9A03-BFC25F3D9089}.Release|x86.ActiveCfg = Release|Win32
		{46492D7C-0D21-497A-9A03-BFC25F3D9089}.Release|x86.Build.0 = Release|Win32
		{B67881A9-E8E6-4071-A62A-0560EA4D241E}.Debug|x64.ActiveCfg = Debug|x64
		{B67881A9-E8E6-4071-A62A-0560EA4D241E}.Debug|x64.Build.0 = Debug|x64
		{B67881A9-E8E6-4071-A62A-0560EA4D241E}.Debug|x86.ActiveCfg = Debug|Win32
		{B67881A9-E8E6-4071-A62A-0560EA4D241E}.Debug|x86.Build.0 = Debug|Win32
		{B67881A9-E8E6-4071-A62A-0560EA4D241E}.Release|x64.ActiveCfg = Release|x64
		{B67881A9-E8E6-4071-A62A-0560EA4D241E}.Release|x64.Build.0 = Release|x64
		{B67881A9-E8E6-4071-A62A-0560EA4D241E}.Release|x86.ActiveCfg = Release|Win32
		{B67881A9-E8E6-4071-A62A-0560EA4D241E}.Release|x86.Build.0 = Release|Win32
		{BD9276A4-9FCC-4C7A-BA0F-1C0ED4B67E9F}.Debug|x64.ActiveCfg = Debug|x64
		{BD9276A4-9FCC-4C7A-BA0F-1C0ED4B67E9F}.Debug|x64.Build.0 = Debug|x64
		{BD9276A4-9FCC-4C7A-BA0F-1C0ED4B67E9F}.Debug|x86.ActiveCfg = Debug|Win32
		{BD9276A4-9FCC-4C7A-BA0F-1C0ED4B67E9F}.Debug|x86.Build.0 = Debug|Win32
		{BD9276A4-9FCC-4C7A-BA0F-1C0ED4B67E9F}.Release|x64.ActiveCfg = Release|x64
		{BD9276A4-9FCC-4C7A-BA0F-1C0ED4B67E9F}.Release|x64.Build.0 = Release|x64
		{BD9276A4-9FCC-4C7A-BA0F-1C0ED4B67E9F}.Release|x86.ActiveCfg = Release|Win32
		{BD9276A4-9FCC-4C7A-BA0F-1C0ED4B67E9F}.Release|x86.Build.0 = Release|Win32
		{003426BB-2177-4640-9DB9-E35756477D27}.Debug|x64.ActiveCfg = Debug|x64
		{003426BB-2177-4640-9DB9-E35756477D27}.Debug|x64.Build.0 = Debug|x64
		{003426BB-2177-4640-9DB9-E35756477D27}.Debug|x86.ActiveCfg = Debug|Win32
		{003426BB-2177-4640-9DB9-E35756477D27}.Debug|x86.Build.0 = Debug|Win32
		{003426BB-2177-4640-9DB9-E35756477D27}.Release|x64.ActiveCfg = Release|x64
		{003426BB-2177-4640-9DB9-E35756477D27}.Release|x64.Build.0 = Release|x64
		{003426BB-2177-4640-9DB9-E35756477D27}.Release|x86.ActiveCfg = Release|Win32
		{003426BB-2177-4640-9DB9-E35756477D27}.Release|x86.Build.0 = Release|Win32
		{65B21652-9C58-4B32-B00E-77F4FEC41D14}.Debug|x64.ActiveCfg = Debug|x64
		{65B21652-9C58-4B32-B00E-77F4FEC41D14}.Debug|x64.Build.0 = Debug|x64
		{65B21652-9C58-4B32-B00E-77F4FEC41D14}.Debug|x86.ActiveCfg = Debug|Win32
		{65B21652-9C58-4B32-B00E-77F4FEC41D14}.Debug|x86.Build.0 = Debug|Win32
		{65B21652-9C58-4B32-B00E-77F4FEC41D14}.Release|x64.ActiveCfg = Release|x64
		{65B21652-9C58-4B32-B00E-77F4FEC41D14}.Release|x64.Build.0 = Release|x64
		{65B21652-9C58-4B32-B00E-77F4FEC41D14}.Release|x86.ActiveCfg = Release|Win32
		{65B21652-9C58-4B32-B00E-77F4FEC41D14}.Release|x86.Build.0 = Release|Win32
		{B2B11F32-500B-4FD5-9B5B-AFB464C4A9E5}.Debug|x64.ActiveCfg = Debug|x64
		{B2B11F32-500B-4FD5-9B5B-AFB464C4A9E5}.Debug|x64.Build.0 = Debug|x64
		{B2B11F32-500B-4FD5-9B5B-AFB464C4A9E5}.Debug|x86.ActiveCfg = Debug|Win32
		{B2B11F32-500B-4FD5-9B5B-AFB464C4A9E5}.Debug|x86.Build.0 = Debug|Win32
		{B2B11F32-500B-4FD5-9B5B-AFB464C4A9E5}.Release|x64.ActiveCfg = Release|x64
		{B2B11F32-500B-4FD5-9B5B-AFB464C4A9E5}.Release|x64.Build.0 = Release|x64
		{B2B11F32-500B-4FD5-9B5B-AFB464C4A9E5}.Release|x86.ActiveCfg = Release|Win32
		{B2B11F32-500B-4FD5-9B5B-AFB464C4A9E5}.Release|x86.Build.0 = Release|Win32
	EndGlobalSection
	GlobalSection(SolutionProperties) = preSolution
		HideSolutionNode = FALSE
	EndGlobalSection
	GlobalSection(ExtensibilityGlobals) = postSolution
		SolutionGuid = {2254174E-6CE2-408C-A4C4-747B188913FA}
	EndGlobalSection
EndGlobal
